{
    "_readme": [
        "This file locks the dependencies of your project to a known state",
        "Read more about it at https://getcomposer.org/doc/01-basic-usage.md#installing-dependencies",
        "This file is @generated automatically"
    ],
    "content-hash": "295e44c8e274b0cc62468b7c46a1ea5f",
    "packages": [
        {
            "name": "psr/container",
            "version": "2.0.2",
            "source": {
                "type": "git",
                "url": "https://github.com/php-fig/container.git",
                "reference": "c71ecc56dfe541dbd90c5360474fbc405f8d5963"
            },
            "dist": {
                "type": "zip",
                "url": "https://api.github.com/repos/php-fig/container/zipball/c71ecc56dfe541dbd90c5360474fbc405f8d5963",
                "reference": "c71ecc56dfe541dbd90c5360474fbc405f8d5963",
                "shasum": ""
            },
            "require": {
                "php": ">=7.4.0"
            },
            "type": "library",
            "extra": {
                "branch-alias": {
                    "dev-master": "2.0.x-dev"
                }
            },
            "autoload": {
                "psr-4": {
                    "Psr\\Container\\": "src/"
                }
            },
            "notification-url": "https://packagist.org/downloads/",
            "license": [
                "MIT"
            ],
            "authors": [
                {
                    "name": "PHP-FIG",
                    "homepage": "https://www.php-fig.org/"
                }
            ],
            "description": "Common Container Interface (PHP FIG PSR-11)",
            "homepage": "https://github.com/php-fig/container",
            "keywords": [
                "PSR-11",
                "container",
                "container-interface",
                "container-interop",
                "psr"
            ],
            "support": {
                "issues": "https://github.com/php-fig/container/issues",
                "source": "https://github.com/php-fig/container/tree/2.0.2"
            },
            "time": "2021-11-05T16:47:00+00:00"
        },
        {
            "name": "vphpext/vhttpd",
            "version": "dev-main",
            "dist": {
                "type": "path",
                "url": "../../../vhttpd/php/package",
                "reference": "f9b3789867a34b2cd6a09982c475b2e764f7b515"
            },
            "require": {
                "php": ">=8.1",
                "psr/container": "^1.1 || ^2.0"
            },
            "suggest": {
                "guzzlehttp/psr7": "PSR-17 factory support",
                "laminas/laminas-diactoros": "PSR-17 factory support",
                "nyholm/psr7": "PSR-17 factory support"
            },
            "bin": [
                "bin/php-worker",
                "bin/php-worker-client"
            ],
            "type": "library",
            "autoload": {
                "psr-4": {
                    "VPhp\\": "src/"
                },
                "files": [
                    "src/legacy_aliases.php"
                ]
            },
            "license": [
                "MIT"
            ],
            "description": "VHttpd PHP runtime package (manager, PSR-7 bridge, VSlim adapter, php-worker)",
            "transport-options": {
                "symlink": true,
                "relative": true
            }
        }
    ],
    "packages-dev": [],
    "aliases": [],
    "minimum-stability": "dev",
    "stability-flags": {
        "vphpext/vhttpd": 20
    },
    "prefer-stable": true,
    "prefer-lowest": false,
    "platform": {
        "php": ">=8.1"
    },
    "platform-dev": {},
    "plugin-api-version": "2.9.0"
}
